
Microsoft Visual Studio Solution File, Format Version 12.00
# Visual Studio 2012
Project("{FAE04EC0-301F-11D3-BF4B-00C04F79EFBC}") = "FrutaClassLibrary", "FrutaClassLibrary\FrutaClassLibrary.csproj", "{AD8B679D-0D13-457F-AE0D-8EF333AF9475}"
EndProject
Project("{FAE04EC0-301F-11D3-BF4B-00C04F79EFBC}") = "ExcepcionesClassLibrary", "ExcepcionesClassLibrary\ExcepcionesClassLibrary.csproj", "{1010E154-6938-44C0-B7C3-257EA68179C7}"
EndProject
Project("{FAE04EC0-301F-11D3-BF4B-00C04F79EFBC}") = "InterfacesClassLibrary", "InterfacesClassLibrary\InterfacesClassLibrary.csproj", "{84FF8679-1541-4599-AEC4-D6AD7F5AD6A7}"
EndProject
Project("{FAE04EC0-301F-11D3-BF4B-00C04F79EFBC}") = "ConsoleApplication", "ConsoleApplication\ConsoleApplication.csproj", "{FC0339BE-B695-4569-84C2-BF328A46061B}"
EndProject
Global
	GlobalSection(SolutionConfigurationPlatforms) = preSolution
		Debug|Any CPU = Debug|Any CPU
		Release|Any CPU = Release|Any CPU
	EndGlobalSection
	GlobalSection(ProjectConfigurationPlatforms) = postSolution
		{AD8B679D-0D13-457F-AE0D-8EF333AF9475}.Debug|Any CPU.ActiveCfg = Debug|Any CPU
		{AD8B679D-0D13-457F-AE0D-8EF333AF9475}.Debug|Any CPU.Build.0 = Debug|Any CPU
		{AD8B679D-0D13-457F-AE0D-8EF333AF9475}.Release|Any CPU.ActiveCfg = Release|Any CPU
		{AD8B679D-0D13-457F-AE0D-8EF333AF9475}.Release|Any CPU.Build.0 = Release|Any CPU
		{1010E154-6938-44C0-B7C3-257EA68179C7}.Debug|Any CPU.ActiveCfg = Debug|Any CPU
		{1010E154-6938-44C0-B7C3-257EA68179C7}.Debug|Any CPU.Build.0 = Debug|Any CPU
		{1010E154-6938-44C0-B7C3-257EA68179C7}.Release|Any CPU.ActiveCfg = Release|Any CPU
		{1010E154-6938-44C0-B7C3-257EA68179C7}.Release|Any CPU.Build.0 = Release|Any CPU
		{84FF8679-1541-4599-AEC4-D6AD7F5AD6A7}.Debug|Any CPU.ActiveCfg = Debug|Any CPU
		{84FF8679-1541-4599-AEC4-D6AD7F5AD6A7}.Debug|Any CPU.Build.0 = Debug|Any CPU
		{84FF8679-1541-4599-AEC4-D6AD7F5AD6A7}.Release|Any CPU.ActiveCfg = Release|Any CPU
		{84FF8679-1541-4599-AEC4-D6AD7F5AD6A7}.Release|Any CPU.Build.0 = Release|Any CPU
		{FC0339BE-B695-4569-84C2-BF328A46061B}.Debug|Any CPU.ActiveCfg = Debug|Any CPU
		{FC0339BE-B695-4569-84C2-BF328A46061B}.Debug|Any CPU.Build.0 = Debug|Any CPU
		{FC0339BE-B695-4569-84C2-BF328A46061B}.Release|Any CPU.ActiveCfg = Release|Any CPU
		{FC0339BE-B695-4569-84C2-BF328A46061B}.Release|Any CPU.Build.0 = Release|Any CPU
	EndGlobalSection
	GlobalSection(SolutionProperties) = preSolution
		HideSolutionNode = FALSE
	EndGlobalSection
EndGlobal
