
Microsoft Visual Studio Solution File, Format Version 12.00
# Visual Studio 2012
Project("{FAE04EC0-301F-11D3-BF4B-00C04F79EFBC}") = "PaletaLibreria", "Tintero\PaletaLibreria.csproj", "{4371E66F-908E-4363-9F19-21D764C3430D}"
EndProject
Project("{FAE04EC0-301F-11D3-BF4B-00C04F79EFBC}") = "PruebaConsola", "PruebaConsola\PruebaConsola.csproj", "{5E002557-85A6-432A-92CB-88DC993CDDFE}"
EndProject
Global
	GlobalSection(SolutionConfigurationPlatforms) = preSolution
		Debug|Any CPU = Debug|Any CPU
		Release|Any CPU = Release|Any CPU
	EndGlobalSection
	GlobalSection(ProjectConfigurationPlatforms) = postSolution
		{4371E66F-908E-4363-9F19-21D764C3430D}.Debug|Any CPU.ActiveCfg = Debug|Any CPU
		{4371E66F-908E-4363-9F19-21D764C3430D}.Debug|Any CPU.Build.0 = Debug|Any CPU
		{4371E66F-908E-4363-9F19-21D764C3430D}.Release|Any CPU.ActiveCfg = Release|Any CPU
		{4371E66F-908E-4363-9F19-21D764C3430D}.Release|Any CPU.Build.0 = Release|Any CPU
		{5E002557-85A6-432A-92CB-88DC993CDDFE}.Debug|Any CPU.ActiveCfg = Debug|Any CPU
		{5E002557-85A6-432A-92CB-88DC993CDDFE}.Debug|Any CPU.Build.0 = Debug|Any CPU
		{5E002557-85A6-432A-92CB-88DC993CDDFE}.Release|Any CPU.ActiveCfg = Release|Any CPU
		{5E002557-85A6-432A-92CB-88DC993CDDFE}.Release|Any CPU.Build.0 = Release|Any CPU
	EndGlobalSection
	GlobalSection(SolutionProperties) = preSolution
		HideSolutionNode = FALSE
	EndGlobalSection
EndGlobal
