
Microsoft Visual Studio Solution File, Format Version 12.00
# Visual Studio 2012
Project("{FAE04EC0-301F-11D3-BF4B-00C04F79EFBC}") = "colecNrosLib", "colecNrosLib\colecNrosLib.csproj", "{C6D76128-E221-4D5D-B861-96AA6869C56D}"
EndProject
Project("{FAE04EC0-301F-11D3-BF4B-00C04F79EFBC}") = "ConsoleApplication1", "ConsoleApplication1\ConsoleApplication1.csproj", "{C7DAE1A7-7305-4271-912D-1E12EE8BC947}"
EndProject
Global
	GlobalSection(SolutionConfigurationPlatforms) = preSolution
		Debug|Any CPU = Debug|Any CPU
		Release|Any CPU = Release|Any CPU
	EndGlobalSection
	GlobalSection(ProjectConfigurationPlatforms) = postSolution
		{C6D76128-E221-4D5D-B861-96AA6869C56D}.Debug|Any CPU.ActiveCfg = Debug|Any CPU
		{C6D76128-E221-4D5D-B861-96AA6869C56D}.Debug|Any CPU.Build.0 = Debug|Any CPU
		{C6D76128-E221-4D5D-B861-96AA6869C56D}.Release|Any CPU.ActiveCfg = Release|Any CPU
		{C6D76128-E221-4D5D-B861-96AA6869C56D}.Release|Any CPU.Build.0 = Release|Any CPU
		{C7DAE1A7-7305-4271-912D-1E12EE8BC947}.Debug|Any CPU.ActiveCfg = Debug|Any CPU
		{C7DAE1A7-7305-4271-912D-1E12EE8BC947}.Debug|Any CPU.Build.0 = Debug|Any CPU
		{C7DAE1A7-7305-4271-912D-1E12EE8BC947}.Release|Any CPU.ActiveCfg = Release|Any CPU
		{C7DAE1A7-7305-4271-912D-1E12EE8BC947}.Release|Any CPU.Build.0 = Release|Any CPU
	EndGlobalSection
	GlobalSection(SolutionProperties) = preSolution
		HideSolutionNode = FALSE
	EndGlobalSection
EndGlobal
