
Microsoft Visual Studio Solution File, Format Version 12.00
# Visual Studio 2012
Project("{FAE04EC0-301F-11D3-BF4B-00C04F79EFBC}") = "Fruta.ClassLibrary", "Fruta.ClassLibrary\Fruta.ClassLibrary.csproj", "{D92446EF-5A52-4009-8785-AAB7784B4194}"
EndProject
Project("{FAE04EC0-301F-11D3-BF4B-00C04F79EFBC}") = "ExepcionesClassLibrary", "ExepcionesClassLibrary\ExepcionesClassLibrary.csproj", "{5EBD0D13-3A7F-4C76-8F75-FEEB2BF3DC7B}"
EndProject
Project("{FAE04EC0-301F-11D3-BF4B-00C04F79EFBC}") = "InterfacesClassLibrary", "InterfacesClassLibrary\InterfacesClassLibrary.csproj", "{C96D4E9D-DD8C-42DF-8EA0-30CDDD198EC8}"
EndProject
Project("{FAE04EC0-301F-11D3-BF4B-00C04F79EFBC}") = "ConsoleApplication", "ConsoleApplication\ConsoleApplication.csproj", "{14082CF0-001F-44E7-88DA-81C692E306FA}"
EndProject
Global
	GlobalSection(SolutionConfigurationPlatforms) = preSolution
		Debug|Any CPU = Debug|Any CPU
		Release|Any CPU = Release|Any CPU
	EndGlobalSection
	GlobalSection(ProjectConfigurationPlatforms) = postSolution
		{D92446EF-5A52-4009-8785-AAB7784B4194}.Debug|Any CPU.ActiveCfg = Debug|Any CPU
		{D92446EF-5A52-4009-8785-AAB7784B4194}.Debug|Any CPU.Build.0 = Debug|Any CPU
		{D92446EF-5A52-4009-8785-AAB7784B4194}.Release|Any CPU.ActiveCfg = Release|Any CPU
		{D92446EF-5A52-4009-8785-AAB7784B4194}.Release|Any CPU.Build.0 = Release|Any CPU
		{5EBD0D13-3A7F-4C76-8F75-FEEB2BF3DC7B}.Debug|Any CPU.ActiveCfg = Debug|Any CPU
		{5EBD0D13-3A7F-4C76-8F75-FEEB2BF3DC7B}.Debug|Any CPU.Build.0 = Debug|Any CPU
		{5EBD0D13-3A7F-4C76-8F75-FEEB2BF3DC7B}.Release|Any CPU.ActiveCfg = Release|Any CPU
		{5EBD0D13-3A7F-4C76-8F75-FEEB2BF3DC7B}.Release|Any CPU.Build.0 = Release|Any CPU
		{C96D4E9D-DD8C-42DF-8EA0-30CDDD198EC8}.Debug|Any CPU.ActiveCfg = Debug|Any CPU
		{C96D4E9D-DD8C-42DF-8EA0-30CDDD198EC8}.Debug|Any CPU.Build.0 = Debug|Any CPU
		{C96D4E9D-DD8C-42DF-8EA0-30CDDD198EC8}.Release|Any CPU.ActiveCfg = Release|Any CPU
		{C96D4E9D-DD8C-42DF-8EA0-30CDDD198EC8}.Release|Any CPU.Build.0 = Release|Any CPU
		{14082CF0-001F-44E7-88DA-81C692E306FA}.Debug|Any CPU.ActiveCfg = Debug|Any CPU
		{14082CF0-001F-44E7-88DA-81C692E306FA}.Debug|Any CPU.Build.0 = Debug|Any CPU
		{14082CF0-001F-44E7-88DA-81C692E306FA}.Release|Any CPU.ActiveCfg = Release|Any CPU
		{14082CF0-001F-44E7-88DA-81C692E306FA}.Release|Any CPU.Build.0 = Release|Any CPU
	EndGlobalSection
	GlobalSection(SolutionProperties) = preSolution
		HideSolutionNode = FALSE
	EndGlobalSection
EndGlobal
