
Microsoft Visual Studio Solution File, Format Version 12.00
# Visual Studio 2012
Project("{FAE04EC0-301F-11D3-BF4B-00C04F79EFBC}") = "clase 02 - 21-03-2017 - intro a objetos", "clase 02 - 21-03-2017 - intro a objetos\clase 02 - 21-03-2017 - intro a objetos.csproj", "{475816A1-0322-4B84-A56D-772990F46C4B}"
EndProject
Global
	GlobalSection(SolutionConfigurationPlatforms) = preSolution
		Debug|Any CPU = Debug|Any CPU
		Release|Any CPU = Release|Any CPU
	EndGlobalSection
	GlobalSection(ProjectConfigurationPlatforms) = postSolution
		{475816A1-0322-4B84-A56D-772990F46C4B}.Debug|Any CPU.ActiveCfg = Debug|Any CPU
		{475816A1-0322-4B84-A56D-772990F46C4B}.Debug|Any CPU.Build.0 = Debug|Any CPU
		{475816A1-0322-4B84-A56D-772990F46C4B}.Release|Any CPU.ActiveCfg = Release|Any CPU
		{475816A1-0322-4B84-A56D-772990F46C4B}.Release|Any CPU.Build.0 = Release|Any CPU
	EndGlobalSection
	GlobalSection(SolutionProperties) = preSolution
		HideSolutionNode = FALSE
	EndGlobalSection
EndGlobal
