
Microsoft Visual Studio Solution File, Format Version 12.00
# Visual Studio 2012
Project("{FAE04EC0-301F-11D3-BF4B-00C04F79EFBC}") = "ClassLibrary", "ClassLibrary\ClassLibrary.csproj", "{AF461626-377D-45AD-AADD-80F124FA688A}"
EndProject
Project("{FAE04EC0-301F-11D3-BF4B-00C04F79EFBC}") = "Exepciones", "Exepciones\Exepciones.csproj", "{8438B242-3AA7-497E-82E4-C0AA008C24A0}"
EndProject
Project("{FAE04EC0-301F-11D3-BF4B-00C04F79EFBC}") = "WindowsFormsApplication", "WindowsFormsApplication\WindowsFormsApplication.csproj", "{BEA7D78D-0766-42C0-9039-68029CD93B5E}"
EndProject
Global
	GlobalSection(SolutionConfigurationPlatforms) = preSolution
		Debug|Any CPU = Debug|Any CPU
		Release|Any CPU = Release|Any CPU
	EndGlobalSection
	GlobalSection(ProjectConfigurationPlatforms) = postSolution
		{AF461626-377D-45AD-AADD-80F124FA688A}.Debug|Any CPU.ActiveCfg = Debug|Any CPU
		{AF461626-377D-45AD-AADD-80F124FA688A}.Debug|Any CPU.Build.0 = Debug|Any CPU
		{AF461626-377D-45AD-AADD-80F124FA688A}.Release|Any CPU.ActiveCfg = Release|Any CPU
		{AF461626-377D-45AD-AADD-80F124FA688A}.Release|Any CPU.Build.0 = Release|Any CPU
		{8438B242-3AA7-497E-82E4-C0AA008C24A0}.Debug|Any CPU.ActiveCfg = Debug|Any CPU
		{8438B242-3AA7-497E-82E4-C0AA008C24A0}.Debug|Any CPU.Build.0 = Debug|Any CPU
		{8438B242-3AA7-497E-82E4-C0AA008C24A0}.Release|Any CPU.ActiveCfg = Release|Any CPU
		{8438B242-3AA7-497E-82E4-C0AA008C24A0}.Release|Any CPU.Build.0 = Release|Any CPU
		{BEA7D78D-0766-42C0-9039-68029CD93B5E}.Debug|Any CPU.ActiveCfg = Debug|Any CPU
		{BEA7D78D-0766-42C0-9039-68029CD93B5E}.Debug|Any CPU.Build.0 = Debug|Any CPU
		{BEA7D78D-0766-42C0-9039-68029CD93B5E}.Release|Any CPU.ActiveCfg = Release|Any CPU
		{BEA7D78D-0766-42C0-9039-68029CD93B5E}.Release|Any CPU.Build.0 = Release|Any CPU
	EndGlobalSection
	GlobalSection(SolutionProperties) = preSolution
		HideSolutionNode = FALSE
	EndGlobalSection
EndGlobal
