
Microsoft Visual Studio Solution File, Format Version 12.00
# Visual Studio 2012
Project("{FAE04EC0-301F-11D3-BF4B-00C04F79EFBC}") = "WindowsFormsApplication1", "WindowsFormsApplication1\WindowsFormsApplication1.csproj", "{0B767E3D-3B72-421C-B51C-9264C8432F84}"
EndProject
Global
	GlobalSection(SolutionConfigurationPlatforms) = preSolution
		Debug|Any CPU = Debug|Any CPU
		Release|Any CPU = Release|Any CPU
	EndGlobalSection
	GlobalSection(ProjectConfigurationPlatforms) = postSolution
		{0B767E3D-3B72-421C-B51C-9264C8432F84}.Debug|Any CPU.ActiveCfg = Debug|Any CPU
		{0B767E3D-3B72-421C-B51C-9264C8432F84}.Debug|Any CPU.Build.0 = Debug|Any CPU
		{0B767E3D-3B72-421C-B51C-9264C8432F84}.Release|Any CPU.ActiveCfg = Release|Any CPU
		{0B767E3D-3B72-421C-B51C-9264C8432F84}.Release|Any CPU.Build.0 = Release|Any CPU
	EndGlobalSection
	GlobalSection(SolutionProperties) = preSolution
		HideSolutionNode = FALSE
	EndGlobalSection
EndGlobal
